// !$*UTF8*$!
{
	archiveVersion = 1;
	classes = {
	};
	objectVersion = 77;
	objects = {

/* Begin PBXBuildFile section */
		3FA6A8D82F39379C00563745 /* NylKit in Frameworks */ = {isa = PBXBuildFile; productRef = 3FA6A8D72F39379C00563745 /* NylKit */; };
/* End PBXBuildFile section */

/* Begin PBXContainerItemProxy section */
		3FA6A8BA2F39373500563745 /* PBXContainerItemProxy */ = {
			isa = PBXContainerItemProxy;
			containerPortal = 3FA6A8A42F39373200563745 /* Project object */;
			proxyType = 1;
			remoteGlobalIDString = 3FA6A8AB2F39373300563745;
			remoteInfo = NylMobile;
		};
		3FA6A8C42F39373500563745 /* PBXContainerItemProxy */ = {
			isa = PBXContainerItemProxy;
			containerPortal = 3FA6A8A42F39373200563745 /* Project object */;
			proxyType = 1;
			remoteGlobalIDString = 3FA6A8AB2F39373300563745;
			remoteInfo = NylMobile;
		};
/* End PBXContainerItemProxy section */

/* Begin PBXFileReference section */
		3FA6A8AC2F39373300563745 /* NylMobile.app */ = {isa = PBXFileReference; explicitFileType = wrapper.application; includeInIndex = 0; path = NylMobile.app; sourceTree = BUILT_PRODUCTS_DIR; };
		3FA6A8B92F39373400563745 /* NylMobileTests.xctest */ = {isa = PBXFileReference; explicitFileType = wrapper.cfbundle; includeInIndex = 0; path = NylMobileTests.xctest; sourceTree = BUILT_PRODUCTS_DIR; };
		3FA6A8C32F39373500563745 /* NylMobileUITests.xctest */ = {isa = PBXFileReference; explicitFileType = wrapper.cfbundle; includeInIndex = 0; path = NylMobileUITests.xctest; sourceTree = BUILT_PRODUCTS_DIR; };
/* End PBXFileReference section */

/* Begin PBXFileSystemSynchronizedBuildFileExceptionSet section */
		3F183F182F3957C300729A37 /* Exceptions for "NylMobile" folder in "NylMobile" target */ = {
			isa = PBXFileSystemSynchronizedBuildFileExceptionSet;
			membershipExceptions = (
				Info.plist,
			);
			target = 3FA6A8AB2F39373300563745 /* NylMobile */;
		};
/* End PBXFileSystemSynchronizedBuildFileExceptionSet section */

/* Begin PBXFileSystemSynchronizedRootGroup section */
		3FA6A8AE2F39373300563745 /* NylMobile */ = {
			isa = PBXFileSystemSynchronizedRootGroup;
			exceptions = (
				3F183F182F3957C300729A37 /* Exceptions for "NylMobile" folder in "NylMobile" target */,
			);
			path = NylMobile;
			sourceTree = "<group>";
		};
		3FA6A8BC2F39373500563745 /* NylMobileTests */ = {
			isa = PBXFileSystemSynchronizedRootGroup;
			path = NylMobileTests;
			sourceTree = "<group>";
		};
		3FA6A8C62F39373500563745 /* NylMobileUITests */ = {
			isa = PBXFileSystemSynchronizedRootGroup;
			path = NylMobileUITests;
			sourceTree = "<group>";
		};
/* End PBXFileSystemSynchronizedRootGroup section */

/* Begin PBXFrameworksBuildPhase section */
		3FA6A8A92F39373300563745 /* Frameworks */ = {
			isa = PBXFrameworksBuildPhase;
			buildActionMask = 2147483647;
			files = (
				3FA6A8D82F39379C00563745 /* NylKit in Frameworks */,
			);
			runOnlyForDeploymentPostprocessing = 0;
		};
		3FA6A8B62F39373400563745 /* Frameworks */ = {
			isa = PBXFrameworksBuildPhase;
			buildActionMask = 2147483647;
			files = (
			);
			runOnlyForDeploymentPostprocessing = 0;
		};
		3FA6A8C02F39373500563745 /* Frameworks */ = {
			isa = PBXFrameworksBuildPhase;
			buildActionMask = 2147483647;
			files = (
			);
			runOnlyForDeploymentPostprocessing = 0;
		};
/* End PBXFrameworksBuildPhase section */

/* Begin PBXGroup section */
		3FA6A8A32F39373200563745 = {
			isa = PBXGroup;
			children = (
				3FA6A8AE2F39373300563745 /* NylMobile */,
				3FA6A8BC2F39373500563745 /* NylMobileTests */,
				3FA6A8C62F39373500563745 /* NylMobileUITests */,
				3FA6A8D62F39379C00563745 /* Frameworks */,
				3FA6A8AD2F39373300563745 /* Products */,
			);
			sourceTree = "<group>";
		};
		3FA6A8AD2F39373300563745 /* Products */ = {
			isa = PBXGroup;
			children = (
				3FA6A8AC2F39373300563745 /* NylMobile.app */,
				3FA6A8B92F39373400563745 /* NylMobileTests.xctest */,
				3FA6A8C32F39373500563745 /* NylMobileUITests.xctest */,
			);
			name = Products;
			sourceTree = "<group>";
		};
		3FA6A8D62F39379C00563745 /* Frameworks */ = {
			isa = PBXGroup;
			children = (
			);
			name = Frameworks;
			sourceTree = "<group>";
		};
/* End PBXGroup section */

/* Begin PBXNativeTarget section */
		3FA6A8AB2F39373300563745 /* NylMobile */ = {
			isa = PBXNativeTarget;
			buildConfigurationList = 3FA6A8CD2F39373500563745 /* Build configuration list for PBXNativeTarget "NylMobile" */;
			buildPhases = (
				3FA6A8A82F39373300563745 /* Sources */,
				3FA6A8A92F39373300563745 /* Frameworks */,
				3FA6A8AA2F39373300563745 /* Resources */,
			);
			buildRules = (
			);
			dependencies = (
			);
			fileSystemSynchronizedGroups = (
				3FA6A8AE2F39373300563745 /* NylMobile */,
			);
			name = NylMobile;
			packageProductDependencies = (
				3FA6A8D72F39379C00563745 /* NylKit */,
			);
			productName = NylMobile;
			productReference = 3FA6A8AC2F39373300563745 /* NylMobile.app */;
			productType = "com.apple.product-type.application";
		};
		3FA6A8B82F39373400563745 /* NylMobileTests */ = {
			isa = PBXNativeTarget;
			buildConfigurationList = 3FA6A8D02F39373500563745 /* Build configuration list for PBXNativeTarget "NylMobileTests" */;
			buildPhases = (
				3FA6A8B52F39373400563745 /* Sources */,
				3FA6A8B62F39373400563745 /* Frameworks */,
				3FA6A8B72F39373400563745 /* Resources */,
			);
			buildRules = (
			);
			dependencies = (
				3FA6A8BB2F39373500563745 /* PBXTargetDependency */,
			);
			fileSystemSynchronizedGroups = (
				3FA6A8BC2F39373500563745 /* NylMobileTests */,
			);
			name = NylMobileTests;
			packageProductDependencies = (
			);
			productName = NylMobileTests;
			productReference = 3FA6A8B92F39373400563745 /* NylMobileTests.xctest */;
			productType = "com.apple.product-type.bundle.unit-test";
		};
		3FA6A8C22F39373500563745 /* NylMobileUITests */ = {
			isa = PBXNativeTarget;
			buildConfigurationList = 3FA6A8D32F39373500563745 /* Build configuration list for PBXNativeTarget "NylMobileUITests" */;
			buildPhases = (
				3FA6A8BF2F39373500563745 /* Sources */,
				3FA6A8C02F39373500563745 /* Frameworks */,
				3FA6A8C12F39373500563745 /* Resources */,
			);
			buildRules = (
			);
			dependencies = (
				3FA6A8C52F39373500563745 /* PBXTargetDependency */,
			);
			fileSystemSynchronizedGroups = (
				3FA6A8C62F39373500563745 /* NylMobileUITests */,
			);
			name = NylMobileUITests;
			packageProductDependencies = (
			);
			productName = NylMobileUITests;
			productReference = 3FA6A8C32F39373500563745 /* NylMobileUITests.xctest */;
			productType = "com.apple.product-type.bundle.ui-testing";
		};
/* End PBXNativeTarget section */

/* Begin PBXProject section */
		3FA6A8A42F39373200563745 /* Project object */ = {
			isa = PBXProject;
			attributes = {
				BuildIndependentTargetsInParallel = 1;
				LastSwiftUpdateCheck = 2630;
				LastUpgradeCheck = 2630;
				TargetAttributes = {
					3FA6A8AB2F39373300563745 = {
						CreatedOnToolsVersion = 26.3;
					};
					3FA6A8B82F39373400563745 = {
						CreatedOnToolsVersion = 26.3;
						TestTargetID = 3FA6A8AB2F39373300563745;
					};
					3FA6A8C22F39373500563745 = {
						CreatedOnToolsVersion = 26.3;
						TestTargetID = 3FA6A8AB2F39373300563745;
					};
				};
			};
			buildConfigurationList = 3FA6A8A72F39373300563745 /* Build configuration list for PBXProject "NylMobile" */;
			developmentRegion = en;
			hasScannedForEncodings = 0;
			knownRegions = (
				en,
				Base,
			);
			mainGroup = 3FA6A8A32F39373200563745;
			minimizedProjectReferenceProxies = 1;
			preferredProjectObjectVersion = 77;
			productRefGroup = 3FA6A8AD2F39373300563745 /* Products */;
			projectDirPath = "";
			projectRoot = "";
			targets = (
				3FA6A8AB2F39373300563745 /* NylMobile */,
				3FA6A8B82F39373400563745 /* NylMobileTests */,
				3FA6A8C22F39373500563745 /* NylMobileUITests */,
			);
		};
/* End PBXProject section */

/* Begin PBXResourcesBuildPhase section */
		3FA6A8AA2F39373300563745 /* Resources */ = {
			isa = PBXResourcesBuildPhase;
			buildActionMask = 2147483647;
			files = (
			);
			runOnlyForDeploymentPostprocessing = 0;
		};
		3FA6A8B72F39373400563745 /* Resources */ = {
			isa = PBXResourcesBuildPhase;
			buildActionMask = 2147483647;
			files = (
			);
			runOnlyForDeploymentPostprocessing = 0;
		};
		3FA6A8C12F39373500563745 /* Resources */ = {
			isa = PBXResourcesBuildPhase;
			buildActionMask = 2147483647;
			files = (
			);
			runOnlyForDeploymentPostprocessing = 0;
		};
/* End PBXResourcesBuildPhase section */

/* Begin PBXSourcesBuildPhase section */
		3FA6A8A82F39373300563745 /* Sources */ = {
			isa = PBXSourcesBuildPhase;
			buildActionMask = 2147483647;
			files = (
			);
			runOnlyForDeploymentPostprocessing = 0;
		};
		3FA6A8B52F39373400563745 /* Sources */ = {
			isa = PBXSourcesBuildPhase;
			buildActionMask = 2147483647;
			files = (
			);
			runOnlyForDeploymentPostprocessing = 0;
		};
		3FA6A8BF2F39373500563745 /* Sources */ = {
			isa = PBXSourcesBuildPhase;
			buildActionMask = 2147483647;
			files = (
			);
			runOnlyForDeploymentPostprocessing = 0;
		};
/* End PBXSourcesBuildPhase section */

/* Begin PBXTargetDependency section */
		3FA6A8BB2F39373500563745 /* PBXTargetDependency */ = {
			isa = PBXTargetDependency;
			target = 3FA6A8AB2F39373300563745 /* NylMobile */;
			targetProxy = 3FA6A8BA2F39373500563745 /* PBXContainerItemProxy */;
		};
		3FA6A8C52F39373500563745 /* PBXTargetDependency */ = {
			isa = PBXTargetDependency;
			target = 3FA6A8AB2F39373300563745 /* NylMobile */;
			targetProxy = 3FA6A8C42F39373500563745 /* PBXContainerItemProxy */;
		};
/* End PBXTargetDependency section */

/* Begin XCBuildConfiguration section */
		3FA6A8CB2F39373500563745 /* Debug */ = {
			isa = XCBuildConfiguration;
			buildSettings = {
				ALWAYS_SEARCH_USER_PATHS = NO;
				ASSETCATALOG_COMPILER_GENERATE_SWIFT_ASSET_SYMBOL_EXTENSIONS = YES;
				CLANG_ANALYZER_NONNULL = YES;
				CLANG_ANALYZER_NUMBER_OBJECT_CONVERSION = YES_AGGRESSIVE;
				CLANG_CXX_LANGUAGE_STANDARD = "gnu++20";
				CLANG_ENABLE_MODULES = YES;
				CLANG_ENABLE_OBJC_ARC = YES;
				CLANG_ENABLE_OBJC_WEAK = YES;
				CLANG_WARN_BLOCK_CAPTURE_AUTORELEASING = YES;
				CLANG_WARN_BOOL_CONVERSION = YES;
				CLANG_WARN_COMMA = YES;
				CLANG_WARN_CONSTANT_CONVERSION = YES;
				CLANG_WARN_DEPRECATED_OBJC_IMPLEMENTATIONS = YES;
				CLANG_WARN_DIRECT_OBJC_ISA_USAGE = YES_ERROR;
				CLANG_WARN_DOCUMENTATION_COMMENTS = YES;
				CLANG_WARN_EMPTY_BODY = YES;
				CLANG_WARN_ENUM_CONVERSION = YES;
				CLANG_WARN_INFINITE_RECURSION = YES;
				CLANG_WARN_INT_CONVERSION = YES;
				CLANG_WARN_NON_LITERAL_NULL_CONVERSION = YES;
				CLANG_WARN_OBJC_IMPLICIT_RETAIN_SELF = YES;
				CLANG_WARN_OBJC_LITERAL_CONVERSION = YES;
				CLANG_WARN_OBJC_ROOT_CLASS = YES_ERROR;
				CLANG_WARN_QUOTED_INCLUDE_IN_FRAMEWORK_HEADER = YES;
				CLANG_WARN_RANGE_LOOP_ANALYSIS = YES;
				CLANG_WARN_STRICT_PROTOTYPES = YES;
				CLANG_WARN_SUSPICIOUS_MOVE = YES;
				CLANG_WARN_UNGUARDED_AVAILABILITY = YES_AGGRESSIVE;
				CLANG_WARN_UNREACHABLE_CODE = YES;
				CLANG_WARN__DUPLICATE_METHOD_MATCH = YES;
				COPY_PHASE_STRIP = NO;
				DEBUG_INFORMATION_FORMAT = dwarf;
				DEVELOPMENT_TEAM = 3BE5839EDD;
				ENABLE_STRICT_OBJC_MSGSEND = YES;
				ENABLE_TESTABILITY = YES;
				ENABLE_USER_SCRIPT_SANDBOXING = YES;
				GCC_C_LANGUAGE_STANDARD = gnu17;
				GCC_DYNAMIC_NO_PIC = NO;
				GCC_NO_COMMON_BLOCKS = YES;
				GCC_OPTIMIZATION_LEVEL = 0;
				GCC_PREPROCESSOR_DEFINITIONS = (
					"DEBUG=1",
					"$(inherited)",
				);
				GCC_WARN_64_TO_32_BIT_CONVERSION = YES;
				GCC_WARN_ABOUT_RETURN_TYPE = YES_ERROR;
				GCC_WARN_UNDECLARED_SELECTOR = YES;
				GCC_WARN_UNINITIALIZED_AUTOS = YES_AGGRESSIVE;
				GCC_WARN_UNUSED_FUNCTION = YES;
				GCC_WARN_UNUSED_VARIABLE = YES;
				IPHONEOS_DEPLOYMENT_TARGET = 26.2;
				LOCALIZATION_PREFERS_STRING_CATALOGS = YES;
				MTL_ENABLE_DEBUG_INFO = INCLUDE_SOURCE;
				MTL_FAST_MATH = YES;
				ONLY_ACTIVE_ARCH = YES;
				SDKROOT = iphoneos;
				SWIFT_ACTIVE_COMPILATION_CONDITIONS = "DEBUG $(inherited)";
				SWIFT_OPTIMIZATION_LEVEL = "-Onone";
			};
			name = Debug;
		};
		3FA6A8CC2F39373500563745 /* Release */ = {
			isa = XCBuildConfiguration;
			buildSettings = {
				ALWAYS_SEARCH_USER_PATHS = NO;
				ASSETCATALOG_COMPILER_GENERATE_SWIFT_ASSET_SYMBOL_EXTENSIONS = YES;
				CLANG_ANALYZER_NONNULL = YES;
				CLANG_ANALYZER_NUMBER_OBJECT_CONVERSION = YES_AGGRESSIVE;
				CLANG_CXX_LANGUAGE_STANDARD = "gnu++20";
				CLANG_ENABLE_MODULES = YES;
				CLANG_ENABLE_OBJC_ARC = YES;
				CLANG_ENABLE_OBJC_WEAK = YES;
				CLANG_WARN_BLOCK_CAPTURE_AUTORELEASING = YES;
				CLANG_WARN_BOOL_CONVERSION = YES;
				CLANG_WARN_COMMA = YES;
				CLANG_WARN_CONSTANT_CONVERSION = YES;
				CLANG_WARN_DEPRECATED_OBJC_IMPLEMENTATIONS = YES;
				CLANG_WARN_DIRECT_OBJC_ISA_USAGE = YES_ERROR;
				CLANG_WARN_DOCUMENTATION_COMMENTS = YES;
				CLANG_WARN_EMPTY_BODY = YES;
				CLANG_WARN_ENUM_CONVERSION = YES;
				CLANG_WARN_INFINITE_RECURSION = YES;
				CLANG_WARN_INT_CONVERSION = YES;
				CLANG_WARN_NON_LITERAL_NULL_CONVERSION = YES;
				CLANG_WARN_OBJC_IMPLICIT_RETAIN_SELF = YES;
				CLANG_WARN_OBJC_LITERAL_CONVERSION = YES;
				CLANG_WARN_OBJC_ROOT_CLASS = YES_ERROR;
				CLANG_WARN_QUOTED_INCLUDE_IN_FRAMEWORK_HEADER = YES;
				CLANG_WARN_RANGE_LOOP_ANALYSIS = YES;
				CLANG_WARN_STRICT_PROTOTYPES = YES;
				CLANG_WARN_SUSPICIOUS_MOVE = YES;
				CLANG_WARN_UNGUARDED_AVAILABILITY = YES_AGGRESSIVE;
				CLANG_WARN_UNREACHABLE_CODE = YES;
				CLANG_WARN__DUPLICATE_METHOD_MATCH = YES;
				COPY_PHASE_STRIP = NO;
				DEBUG_INFORMATION_FORMAT = "dwarf-with-dsym";
				DEVELOPMENT_TEAM = 3BE5839EDD;
				ENABLE_NS_ASSERTIONS = NO;
				ENABLE_STRICT_OBJC_MSGSEND = YES;
				ENABLE_USER_SCRIPT_SANDBOXING = YES;
				GCC_C_LANGUAGE_STANDARD = gnu17;
				GCC_NO_COMMON_BLOCKS = YES;
				GCC_WARN_64_TO_32_BIT_CONVERSION = YES;
				GCC_WARN_ABOUT_RETURN_TYPE = YES_ERROR;
				GCC_WARN_UNDECLARED_SELECTOR = YES;
				GCC_WARN_UNINITIALIZED_AUTOS = YES_AGGRESSIVE;
				GCC_WARN_UNUSED_FUNCTION = YES;
				GCC_WARN_UNUSED_VARIABLE = YES;
				IPHONEOS_DEPLOYMENT_TARGET = 26.2;
				LOCALIZATION_PREFERS_STRING_CATALOGS = YES;
				MTL_ENABLE_DEBUG_INFO = NO;
				MTL_FAST_MATH = YES;
				SDKROOT = iphoneos;
				SWIFT_COMPILATION_MODE = wholemodule;
				VALIDATE_PRODUCT = YES;
			};
			name = Release;
		};
		3FA6A8CE2F39373500563745 /* Debug */ = {
			isa = XCBuildConfiguration;
			buildSettings = {
				ASSETCATALOG_COMPILER_APPICON_NAME = AppIcon;
				ASSETCATALOG_COMPILER_GLOBAL_ACCENT_COLOR_NAME = AccentColor;
				CODE_SIGN_STYLE = Automatic;
				CURRENT_PROJECT_VERSION = 1;
				DEVELOPMENT_TEAM = 3BE5839EDD;
				ENABLE_PREVIEWS = YES;
				GENERATE_INFOPLIST_FILE = YES;
				INFOPLIST_FILE = NylMobile/Info.plist;
				INFOPLIST_KEY_NSBonjourServices = _nyl._tcp;
				INFOPLIST_KEY_NSLocalNetworkUsageDescription = "Nyl needs local network access to discover and connect to your Nyl Server";
				INFOPLIST_KEY_UIApplicationSceneManifest_Generation = YES;
				INFOPLIST_KEY_UIApplicationSupportsIndirectInputEvents = YES;
				INFOPLIST_KEY_UILaunchScreen_Generation = YES;
				INFOPLIST_KEY_UISupportedInterfaceOrientations_iPad = "UIInterfaceOrientationPortrait UIInterfaceOrientationPortraitUpsideDown UIInterfaceOrientationLandscapeLeft UIInterfaceOrientationLandscapeRight";
				INFOPLIST_KEY_UISupportedInterfaceOrientations_iPhone = "UIInterfaceOrientationPortrait UIInterfaceOrientationLandscapeLeft UIInterfaceOrientationLandscapeRight";
				LD_RUNPATH_SEARCH_PATHS = (
					"$(inherited)",
					"@executable_path/Frameworks",
				);
				MARKETING_VERSION = 1.0;
				PRODUCT_BUNDLE_IDENTIFIER = com.nyl.NylMobile;
				PRODUCT_NAME = "$(TARGET_NAME)";
				STRING_CATALOG_GENERATE_SYMBOLS = YES;
				SWIFT_APPROACHABLE_CONCURRENCY = YES;
				SWIFT_DEFAULT_ACTOR_ISOLATION = MainActor;
				SWIFT_EMIT_LOC_STRINGS = YES;
				SWIFT_UPCOMING_FEATURE_MEMBER_IMPORT_VISIBILITY = YES;
				SWIFT_VERSION = 5.0;
				TARGETED_DEVICE_FAMILY = "1,2";
			};
			name = Debug;
		};
		3FA6A8CF2F39373500563745 /* Release */ = {
			isa = XCBuildConfiguration;
			buildSettings = {
				ASSETCATALOG_COMPILER_APPICON_NAME = AppIcon;
				ASSETCATALOG_COMPILER_GLOBAL_ACCENT_COLOR_NAME = AccentColor;
				CODE_SIGN_STYLE = Automatic;
				CURRENT_PROJECT_VERSION = 1;
				DEVELOPMENT_TEAM = 3BE5839EDD;
				ENABLE_PREVIEWS = YES;
				GENERATE_INFOPLIST_FILE = YES;
				INFOPLIST_FILE = NylMobile/Info.plist;
				INFOPLIST_KEY_NSBonjourServices = _nyl._tcp;
				INFOPLIST_KEY_NSLocalNetworkUsageDescription = "Nyl needs local network access to discover and connect to your Nyl Server";
				INFOPLIST_KEY_UIApplicationSceneManifest_Generation = YES;
				INFOPLIST_KEY_UIApplicationSupportsIndirectInputEvents = YES;
				INFOPLIST_KEY_UILaunchScreen_Generation = YES;
				INFOPLIST_KEY_UISupportedInterfaceOrientations_iPad = "UIInterfaceOrientationPortrait UIInterfaceOrientationPortraitUpsideDown UIInterfaceOrientationLandscapeLeft UIInterfaceOrientationLandscapeRight";
				INFOPLIST_KEY_UISupportedInterfaceOrientations_iPhone = "UIInterfaceOrientationPortrait UIInterfaceOrientationLandscapeLeft UIInterfaceOrientationLandscapeRight";
				LD_RUNPATH_SEARCH_PATHS = (
					"$(inherited)",
					"@executable_path/Frameworks",
				);
				MARKETING_VERSION = 1.0;
				PRODUCT_BUNDLE_IDENTIFIER = com.nyl.NylMobile;
				PRODUCT_NAME = "$(TARGET_NAME)";
				STRING_CATALOG_GENERATE_SYMBOLS = YES;
				SWIFT_APPROACHABLE_CONCURRENCY = YES;
				SWIFT_DEFAULT_ACTOR_ISOLATION = MainActor;
				SWIFT_EMIT_LOC_STRINGS = YES;
				SWIFT_UPCOMING_FEATURE_MEMBER_IMPORT_VISIBILITY = YES;
				SWIFT_VERSION = 5.0;
				TARGETED_DEVICE_FAMILY = "1,2";
			};
			name = Release;
		};
		3FA6A8D12F39373500563745 /* Debug */ = {
			isa = XCBuildConfiguration;
			buildSettings = {
				BUNDLE_LOADER = "$(TEST_HOST)";
				CODE_SIGN_STYLE = Automatic;
				CURRENT_PROJECT_VERSION = 1;
				DEVELOPMENT_TEAM = 3BE5839EDD;
				GENERATE_INFOPLIST_FILE = YES;
				INFOPLIST_KEY_NSBonjourServices = _nyl._tcp;
				IPHONEOS_DEPLOYMENT_TARGET = 26.2;
				MARKETING_VERSION = 1.0;
				PRODUCT_BUNDLE_IDENTIFIER = com.nyl.NylMobileTests;
				PRODUCT_NAME = "$(TARGET_NAME)";
				STRING_CATALOG_GENERATE_SYMBOLS = NO;
				SWIFT_APPROACHABLE_CONCURRENCY = YES;
				SWIFT_EMIT_LOC_STRINGS = NO;
				SWIFT_UPCOMING_FEATURE_MEMBER_IMPORT_VISIBILITY = YES;
				SWIFT_VERSION = 5.0;
				TARGETED_DEVICE_FAMILY = "1,2";
				TEST_HOST = "$(BUILT_PRODUCTS_DIR)/NylMobile.app/$(BUNDLE_EXECUTABLE_FOLDER_PATH)/NylMobile";
			};
			name = Debug;
		};
		3FA6A8D22F39373500563745 /* Release */ = {
			isa = XCBuildConfiguration;
			buildSettings = {
				BUNDLE_LOADER = "$(TEST_HOST)";
				CODE_SIGN_STYLE = Automatic;
				CURRENT_PROJECT_VERSION = 1;
				DEVELOPMENT_TEAM = 3BE5839EDD;
				GENERATE_INFOPLIST_FILE = YES;
				IPHONEOS_DEPLOYMENT_TARGET = 26.2;
				MARKETING_VERSION = 1.0;
				PRODUCT_BUNDLE_IDENTIFIER = com.nyl.NylMobileTests;
				PRODUCT_NAME = "$(TARGET_NAME)";
				STRING_CATALOG_GENERATE_SYMBOLS = NO;
				SWIFT_APPROACHABLE_CONCURRENCY = YES;
				SWIFT_EMIT_LOC_STRINGS = NO;
				SWIFT_UPCOMING_FEATURE_MEMBER_IMPORT_VISIBILITY = YES;
				SWIFT_VERSION = 5.0;
				TARGETED_DEVICE_FAMILY = "1,2";
				TEST_HOST = "$(BUILT_PRODUCTS_DIR)/NylMobile.app/$(BUNDLE_EXECUTABLE_FOLDER_PATH)/NylMobile";
			};
			name = Release;
		};
		3FA6A8D42F39373500563745 /* Debug */ = {
			isa = XCBuildConfiguration;
			buildSettings = {
				CODE_SIGN_STYLE = Automatic;
				CURRENT_PROJECT_VERSION = 1;
				DEVELOPMENT_TEAM = 3BE5839EDD;
				GENERATE_INFOPLIST_FILE = YES;
				MARKETING_VERSION = 1.0;
				PRODUCT_BUNDLE_IDENTIFIER = com.nyl.NylMobileUITests;
				PRODUCT_NAME = "$(TARGET_NAME)";
				STRING_CATALOG_GENERATE_SYMBOLS = NO;
				SWIFT_APPROACHABLE_CONCURRENCY = YES;
				SWIFT_EMIT_LOC_STRINGS = NO;
				SWIFT_UPCOMING_FEATURE_MEMBER_IMPORT_VISIBILITY = YES;
				SWIFT_VERSION = 5.0;
				TARGETED_DEVICE_FAMILY = "1,2";
				TEST_TARGET_NAME = NylMobile;
			};
			name = Debug;
		};
		3FA6A8D52F39373500563745 /* Release */ = {
			isa = XCBuildConfiguration;
			buildSettings = {
				CODE_SIGN_STYLE = Automatic;
				CURRENT_PROJECT_VERSION = 1;
				DEVELOPMENT_TEAM = 3BE5839EDD;
				GENERATE_INFOPLIST_FILE = YES;
				MARKETING_VERSION = 1.0;
				PRODUCT_BUNDLE_IDENTIFIER = com.nyl.NylMobileUITests;
				PRODUCT_NAME = "$(TARGET_NAME)";
				STRING_CATALOG_GENERATE_SYMBOLS = NO;
				SWIFT_APPROACHABLE_CONCURRENCY = YES;
				SWIFT_EMIT_LOC_STRINGS = NO;
				SWIFT_UPCOMING_FEATURE_MEMBER_IMPORT_VISIBILITY = YES;
				SWIFT_VERSION = 5.0;
				TARGETED_DEVICE_FAMILY = "1,2";
				TEST_TARGET_NAME = NylMobile;
			};
			name = Release;
		};
/* End XCBuildConfiguration section */

/* Begin XCConfigurationList section */
		3FA6A8A72F39373300563745 /* Build configuration list for PBXProject "NylMobile" */ = {
			isa = XCConfigurationList;
			buildConfigurations = (
				3FA6A8CB2F39373500563745 /* Debug */,
				3FA6A8CC2F39373500563745 /* Release */,
			);
			defaultConfigurationIsVisible = 0;
			defaultConfigurationName = Release;
		};
		3FA6A8CD2F39373500563745 /* Build configuration list for PBXNativeTarget "NylMobile" */ = {
			isa = XCConfigurationList;
			buildConfigurations = (
				3FA6A8CE2F39373500563745 /* Debug */,
				3FA6A8CF2F39373500563745 /* Release */,
			);
			defaultConfigurationIsVisible = 0;
			defaultConfigurationName = Release;
		};
		3FA6A8D02F39373500563745 /* Build configuration list for PBXNativeTarget "NylMobileTests" */ = {
			isa = XCConfigurationList;
			buildConfigurations = (
				3FA6A8D12F39373500563745 /* Debug */,
				3FA6A8D22F39373500563745 /* Release */,
			);
			defaultConfigurationIsVisible = 0;
			defaultConfigurationName = Release;
		};
		3FA6A8D32F39373500563745 /* Build configuration list for PBXNativeTarget "NylMobileUITests" */ = {
			isa = XCConfigurationList;
			buildConfigurations = (
				3FA6A8D42F39373500563745 /* Debug */,
				3FA6A8D52F39373500563745 /* Release */,
			);
			defaultConfigurationIsVisible = 0;
			defaultConfigurationName = Release;
		};
/* End XCConfigurationList section */

/* Begin XCSwiftPackageProductDependency section */
		3FA6A8D72F39379C00563745 /* NylKit */ = {
			isa = XCSwiftPackageProductDependency;
			productName = NylKit;
		};
/* End XCSwiftPackageProductDependency section */
	};
	rootObject = 3FA6A8A42F39373200563745 /* Project object */;
}
